// !$*UTF8*$!
{
	archiveVersion = 1;
	classes = {
	};
	objectVersion = 46;
	objects = {

/* Begin PBXBuildFile section */
		1E062AA11BCCE9EA00920FE6 /* Main.storyboard in Resources */ = {isa = PBXBuildFile; fileRef = 1E062AA01BCCE9EA00920FE6 /* Main.storyboard */; settings = {ASSET_TAGS = (); }; };
		1E062AA41BCCEAA200920FE6 /* MainViewController.swift in Sources */ = {isa = PBXBuildFile; fileRef = 1E062AA31BCCEAA200920FE6 /* MainViewController.swift */; settings = {ASSET_TAGS = (); }; };
		1E59D9381BCE9A8E006C2D0D /* PlazaViewController.swift in Sources */ = {isa = PBXBuildFile; fileRef = 1E59D9371BCE9A8E006C2D0D /* PlazaViewController.swift */; settings = {ASSET_TAGS = (); }; };
		1E6CEACB1BD48FAC003ADE48 /* Alamofire.swift in Sources */ = {isa = PBXBuildFile; fileRef = 1E6CEABC1BD48FAC003ADE48 /* Alamofire.swift */; settings = {ASSET_TAGS = (); }; };
		1E6CEACC1BD48FAC003ADE48 /* Download.swift in Sources */ = {isa = PBXBuildFile; fileRef = 1E6CEABD1BD48FAC003ADE48 /* Download.swift */; settings = {ASSET_TAGS = (); }; };
		1E6CEACD1BD48FAC003ADE48 /* Error.swift in Sources */ = {isa = PBXBuildFile; fileRef = 1E6CEABE1BD48FAC003ADE48 /* Error.swift */; settings = {ASSET_TAGS = (); }; };
		1E6CEACE1BD48FAC003ADE48 /* Info.plist in Resources */ = {isa = PBXBuildFile; fileRef = 1E6CEABF1BD48FAC003ADE48 /* Info.plist */; settings = {ASSET_TAGS = (); }; };
		1E6CEACF1BD48FAC003ADE48 /* Manager.swift in Sources */ = {isa = PBXBuildFile; fileRef = 1E6CEAC01BD48FAC003ADE48 /* Manager.swift */; settings = {ASSET_TAGS = (); }; };
		1E6CEAD01BD48FAC003ADE48 /* MultipartFormData.swift in Sources */ = {isa = PBXBuildFile; fileRef = 1E6CEAC11BD48FAC003ADE48 /* MultipartFormData.swift */; settings = {ASSET_TAGS = (); }; };
		1E6CEAD11BD48FAC003ADE48 /* ParameterEncoding.swift in Sources */ = {isa = PBXBuildFile; fileRef = 1E6CEAC21BD48FAC003ADE48 /* ParameterEncoding.swift */; settings = {ASSET_TAGS = (); }; };
		1E6CEAD21BD48FAC003ADE48 /* Request.swift in Sources */ = {isa = PBXBuildFile; fileRef = 1E6CEAC31BD48FAC003ADE48 /* Request.swift */; settings = {ASSET_TAGS = (); }; };
		1E6CEAD31BD48FAC003ADE48 /* Response.swift in Sources */ = {isa = PBXBuildFile; fileRef = 1E6CEAC41BD48FAC003ADE48 /* Response.swift */; settings = {ASSET_TAGS = (); }; };
		1E6CEAD41BD48FAC003ADE48 /* ResponseSerialization.swift in Sources */ = {isa = PBXBuildFile; fileRef = 1E6CEAC51BD48FAC003ADE48 /* ResponseSerialization.swift */; settings = {ASSET_TAGS = (); }; };
		1E6CEAD51BD48FAC003ADE48 /* Result.swift in Sources */ = {isa = PBXBuildFile; fileRef = 1E6CEAC61BD48FAC003ADE48 /* Result.swift */; settings = {ASSET_TAGS = (); }; };
		1E6CEAD61BD48FAC003ADE48 /* ServerTrustPolicy.swift in Sources */ = {isa = PBXBuildFile; fileRef = 1E6CEAC71BD48FAC003ADE48 /* ServerTrustPolicy.swift */; settings = {ASSET_TAGS = (); }; };
		1E6CEAD71BD48FAC003ADE48 /* Stream.swift in Sources */ = {isa = PBXBuildFile; fileRef = 1E6CEAC81BD48FAC003ADE48 /* Stream.swift */; settings = {ASSET_TAGS = (); }; };
		1E6CEAD81BD48FAC003ADE48 /* Upload.swift in Sources */ = {isa = PBXBuildFile; fileRef = 1E6CEAC91BD48FAC003ADE48 /* Upload.swift */; settings = {ASSET_TAGS = (); }; };
		1E6CEAD91BD48FAC003ADE48 /* Validation.swift in Sources */ = {isa = PBXBuildFile; fileRef = 1E6CEACA1BD48FAC003ADE48 /* Validation.swift */; settings = {ASSET_TAGS = (); }; };
		1E6CEAF31BD496B2003ADE48 /* Alamofire.framework in Frameworks */ = {isa = PBXBuildFile; fileRef = 1E6CEAE01BD48FAC003ADE48 /* Alamofire.framework */; };
		1E6CEAF41BD496B2003ADE48 /* Alamofire.framework in Embed Frameworks */ = {isa = PBXBuildFile; fileRef = 1E6CEAE01BD48FAC003ADE48 /* Alamofire.framework */; settings = {ATTRIBUTES = (CodeSignOnCopy, RemoveHeadersOnCopy, ); }; };
		1E6CEB131BD4B402003ADE48 /* EditUserNameViewController.swift in Sources */ = {isa = PBXBuildFile; fileRef = 1E6CEB121BD4B402003ADE48 /* EditUserNameViewController.swift */; settings = {ASSET_TAGS = (); }; };
		1E6CEB151BD4B590003ADE48 /* UserInfo.swift in Sources */ = {isa = PBXBuildFile; fileRef = 1E6CEB141BD4B590003ADE48 /* UserInfo.swift */; settings = {ASSET_TAGS = (); }; };
		1E6CEB171BD4F46A003ADE48 /* NavigationViewController.swift in Sources */ = {isa = PBXBuildFile; fileRef = 1E6CEB161BD4F46A003ADE48 /* NavigationViewController.swift */; settings = {ASSET_TAGS = (); }; };
		1E6E1D6B1BCCB348005BB576 /* moranProTests.swift in Sources */ = {isa = PBXBuildFile; fileRef = 1E6E1D6A1BCCB348005BB576 /* moranProTests.swift */; };
		1E6E1D761BCCB348005BB576 /* moranProUITests.swift in Sources */ = {isa = PBXBuildFile; fileRef = 1E6E1D751BCCB348005BB576 /* moranProUITests.swift */; };
		1E6E1D941BCCB3D5005BB576 /* AppDelegate.swift in Sources */ = {isa = PBXBuildFile; fileRef = 1E6E1D851BCCB3D5005BB576 /* AppDelegate.swift */; settings = {ASSET_TAGS = (); }; };
		1E6E1D951BCCB3D5005BB576 /* Assets.xcassets in Resources */ = {isa = PBXBuildFile; fileRef = 1E6E1D901BCCB3D5005BB576 /* Assets.xcassets */; settings = {ASSET_TAGS = (); }; };
		1E6E1FD11BCCC42D005BB576 /* LoginViewController.swift in Sources */ = {isa = PBXBuildFile; fileRef = 1E6E1FCF1BCCC42D005BB576 /* LoginViewController.swift */; settings = {ASSET_TAGS = (); }; };
		1E6E1FD21BCCC42D005BB576 /* SignUpViewController.swift in Sources */ = {isa = PBXBuildFile; fileRef = 1E6E1FD01BCCC42D005BB576 /* SignUpViewController.swift */; settings = {ASSET_TAGS = (); }; };
		1E6E1FD61BCCC4FF005BB576 /* RequestURL.swift in Sources */ = {isa = PBXBuildFile; fileRef = 1E6E1FD51BCCC4FF005BB576 /* RequestURL.swift */; settings = {ASSET_TAGS = (); }; };
		1EC28CA61BD52DA500F44B0E /* BLMultipartForm.m in Sources */ = {isa = PBXBuildFile; fileRef = 1EC28CA51BD52DA500F44B0E /* BLMultipartForm.m */; settings = {ASSET_TAGS = (); }; };
		1ECF26581BCD018200EECEBB /* Login.storyboard in Resources */ = {isa = PBXBuildFile; fileRef = 1ECF26571BCD018200EECEBB /* Login.storyboard */; settings = {ASSET_TAGS = (); }; };
		1ED513C91BD20644000BA0E8 /* MyTableViewController.swift in Sources */ = {isa = PBXBuildFile; fileRef = 1ED513C81BD20644000BA0E8 /* MyTableViewController.swift */; settings = {ASSET_TAGS = (); }; };
		1ED513D41BD249C5000BA0E8 /* HeadViewController.swift in Sources */ = {isa = PBXBuildFile; fileRef = 1ED513D31BD249C5000BA0E8 /* HeadViewController.swift */; settings = {ASSET_TAGS = (); }; };
		1ED5140D1BD27379000BA0E8 /* SwiftNotice.swift in Sources */ = {isa = PBXBuildFile; fileRef = 1ED5140C1BD27379000BA0E8 /* SwiftNotice.swift */; settings = {ASSET_TAGS = (); }; };
/* End PBXBuildFile section */

/* Begin PBXContainerItemProxy section */
		1E6CEADF1BD48FAC003ADE48 /* PBXContainerItemProxy */ = {
			isa = PBXContainerItemProxy;
			containerPortal = 1E6CEAB71BD48FAC003ADE48 /* Alamofire.xcodeproj */;
			proxyType = 2;
			remoteGlobalIDString = F8111E3319A95C8B0040E7D1;
			remoteInfo = "Alamofire iOS";
		};
		1E6CEAE11BD48FAC003ADE48 /* PBXContainerItemProxy */ = {
			isa = PBXContainerItemProxy;
			containerPortal = 1E6CEAB71BD48FAC003ADE48 /* Alamofire.xcodeproj */;
			proxyType = 2;
			remoteGlobalIDString = 4DD67C0B1A5C55C900ED2280;
			remoteInfo = "Alamofire OSX";
		};
		1E6CEAE31BD48FAC003ADE48 /* PBXContainerItemProxy */ = {
			isa = PBXContainerItemProxy;
			containerPortal = 1E6CEAB71BD48FAC003ADE48 /* Alamofire.xcodeproj */;
			proxyType = 2;
			remoteGlobalIDString = E4202FE01B667AA100C997FB;
			remoteInfo = "Alamofire watchOS";
		};
		1E6CEAE51BD48FAC003ADE48 /* PBXContainerItemProxy */ = {
			isa = PBXContainerItemProxy;
			containerPortal = 1E6CEAB71BD48FAC003ADE48 /* Alamofire.xcodeproj */;
			proxyType = 2;
			remoteGlobalIDString = F8111E3E19A95C8B0040E7D1;
			remoteInfo = "Alamofire iOS Tests";
		};
		1E6CEAE71BD48FAC003ADE48 /* PBXContainerItemProxy */ = {
			isa = PBXContainerItemProxy;
			containerPortal = 1E6CEAB71BD48FAC003ADE48 /* Alamofire.xcodeproj */;
			proxyType = 2;
			remoteGlobalIDString = F829C6B21A7A94F100A2CD59;
			remoteInfo = "Alamofire OSX Tests";
		};
		1E6CEAF51BD496B2003ADE48 /* PBXContainerItemProxy */ = {
			isa = PBXContainerItemProxy;
			containerPortal = 1E6CEAB71BD48FAC003ADE48 /* Alamofire.xcodeproj */;
			proxyType = 1;
			remoteGlobalIDString = F8111E3219A95C8B0040E7D1;
			remoteInfo = "Alamofire iOS";
		};
		1E6E1D671BCCB348005BB576 /* PBXContainerItemProxy */ = {
			isa = PBXContainerItemProxy;
			containerPortal = 1E6E1D4A1BCCB348005BB576 /* Project object */;
			proxyType = 1;
			remoteGlobalIDString = 1E6E1D511BCCB348005BB576;
			remoteInfo = moranPro;
		};
		1E6E1D721BCCB348005BB576 /* PBXContainerItemProxy */ = {
			isa = PBXContainerItemProxy;
			containerPortal = 1E6E1D4A1BCCB348005BB576 /* Project object */;
			proxyType = 1;
			remoteGlobalIDString = 1E6E1D511BCCB348005BB576;
			remoteInfo = moranPro;
		};
/* End PBXContainerItemProxy section */

/* Begin PBXCopyFilesBuildPhase section */
		1E6CEAF71BD496B2003ADE48 /* Embed Frameworks */ = {
			isa = PBXCopyFilesBuildPhase;
			buildActionMask = 2147483647;
			dstPath = "";
			dstSubfolderSpec = 10;
			files = (
				1E6CEAF41BD496B2003ADE48 /* Alamofire.framework in Embed Frameworks */,
			);
			name = "Embed Frameworks";
			runOnlyForDeploymentPostprocessing = 0;
		};
/* End PBXCopyFilesBuildPhase section */

/* Begin PBXFileReference section */
		1E062AA01BCCE9EA00920FE6 /* Main.storyboard */ = {isa = PBXFileReference; fileEncoding = 4; lastKnownFileType = file.storyboard; path = Main.storyboard; sourceTree = "<group>"; };
		1E062AA31BCCEAA200920FE6 /* MainViewController.swift */ = {isa = PBXFileReference; fileEncoding = 4; lastKnownFileType = sourcecode.swift; path = MainViewController.swift; sourceTree = "<group>"; };
		1E59D9371BCE9A8E006C2D0D /* PlazaViewController.swift */ = {isa = PBXFileReference; fileEncoding = 4; lastKnownFileType = sourcecode.swift; path = PlazaViewController.swift; sourceTree = "<group>"; };
		1E6CEAB71BD48FAC003ADE48 /* Alamofire.xcodeproj */ = {isa = PBXFileReference; lastKnownFileType = "wrapper.pb-project"; path = Alamofire.xcodeproj; sourceTree = "<group>"; };
		1E6CEABB1BD48FAC003ADE48 /* Alamofire.h */ = {isa = PBXFileReference; fileEncoding = 4; lastKnownFileType = sourcecode.c.h; path = Alamofire.h; sourceTree = "<group>"; };
		1E6CEABC1BD48FAC003ADE48 /* Alamofire.swift */ = {isa = PBXFileReference; fileEncoding = 4; lastKnownFileType = sourcecode.swift; path = Alamofire.swift; sourceTree = "<group>"; };
		1E6CEABD1BD48FAC003ADE48 /* Download.swift */ = {isa = PBXFileReference; fileEncoding = 4; lastKnownFileType = sourcecode.swift; path = Download.swift; sourceTree = "<group>"; };
		1E6CEABE1BD48FAC003ADE48 /* Error.swift */ = {isa = PBXFileReference; fileEncoding = 4; lastKnownFileType = sourcecode.swift; path = Error.swift; sourceTree = "<group>"; };
		1E6CEABF1BD48FAC003ADE48 /* Info.plist */ = {isa = PBXFileReference; fileEncoding = 4; lastKnownFileType = text.plist.xml; path = Info.plist; sourceTree = "<group>"; };
		1E6CEAC01BD48FAC003ADE48 /* Manager.swift */ = {isa = PBXFileReference; fileEncoding = 4; lastKnownFileType = sourcecode.swift; path = Manager.swift; sourceTree = "<group>"; };
		1E6CEAC11BD48FAC003ADE48 /* MultipartFormData.swift */ = {isa = PBXFileReference; fileEncoding = 4; lastKnownFileType = sourcecode.swift; path = MultipartFormData.swift; sourceTree = "<group>"; };
		1E6CEAC21BD48FAC003ADE48 /* ParameterEncoding.swift */ = {isa = PBXFileReference; fileEncoding = 4; lastKnownFileType = sourcecode.swift; path = ParameterEncoding.swift; sourceTree = "<group>"; };
		1E6CEAC31BD48FAC003ADE48 /* Request.swift */ = {isa = PBXFileReference; fileEncoding = 4; lastKnownFileType = sourcecode.swift; path = Request.swift; sourceTree = "<group>"; };
		1E6CEAC41BD48FAC003ADE48 /* Response.swift */ = {isa = PBXFileReference; fileEncoding = 4; lastKnownFileType = sourcecode.swift; path = Response.swift; sourceTree = "<group>"; };
		1E6CEAC51BD48FAC003ADE48 /* ResponseSerialization.swift */ = {isa = PBXFileReference; fileEncoding = 4; lastKnownFileType = sourcecode.swift; path = ResponseSerialization.swift; sourceTree = "<group>"; };
		1E6CEAC61BD48FAC003ADE48 /* Result.swift */ = {isa = PBXFileReference; fileEncoding = 4; lastKnownFileType = sourcecode.swift; path = Result.swift; sourceTree = "<group>"; };
		1E6CEAC71BD48FAC003ADE48 /* ServerTrustPolicy.swift */ = {isa = PBXFileReference; fileEncoding = 4; lastKnownFileType = sourcecode.swift; path = ServerTrustPolicy.swift; sourceTree = "<group>"; };
		1E6CEAC81BD48FAC003ADE48 /* Stream.swift */ = {isa = PBXFileReference; fileEncoding = 4; lastKnownFileType = sourcecode.swift; path = Stream.swift; sourceTree = "<group>"; };
		1E6CEAC91BD48FAC003ADE48 /* Upload.swift */ = {isa = PBXFileReference; fileEncoding = 4; lastKnownFileType = sourcecode.swift; path = Upload.swift; sourceTree = "<group>"; };
		1E6CEACA1BD48FAC003ADE48 /* Validation.swift */ = {isa = PBXFileReference; fileEncoding = 4; lastKnownFileType = sourcecode.swift; path = Validation.swift; sourceTree = "<group>"; };
		1E6CEB121BD4B402003ADE48 /* EditUserNameViewController.swift */ = {isa = PBXFileReference; fileEncoding = 4; lastKnownFileType = sourcecode.swift; path = EditUserNameViewController.swift; sourceTree = "<group>"; };
		1E6CEB141BD4B590003ADE48 /* UserInfo.swift */ = {isa = PBXFileReference; fileEncoding = 4; lastKnownFileType = sourcecode.swift; path = UserInfo.swift; sourceTree = "<group>"; };
		1E6CEB161BD4F46A003ADE48 /* NavigationViewController.swift */ = {isa = PBXFileReference; fileEncoding = 4; lastKnownFileType = sourcecode.swift; path = NavigationViewController.swift; sourceTree = "<group>"; };
		1E6E1D521BCCB348005BB576 /* moranPro.app */ = {isa = PBXFileReference; explicitFileType = wrapper.application; includeInIndex = 0; path = moranPro.app; sourceTree = BUILT_PRODUCTS_DIR; };
		1E6E1D661BCCB348005BB576 /* moranProTests.xctest */ = {isa = PBXFileReference; explicitFileType = wrapper.cfbundle; includeInIndex = 0; path = moranProTests.xctest; sourceTree = BUILT_PRODUCTS_DIR; };
		1E6E1D6A1BCCB348005BB576 /* moranProTests.swift */ = {isa = PBXFileReference; lastKnownFileType = sourcecode.swift; path = moranProTests.swift; sourceTree = "<group>"; };
		1E6E1D6C1BCCB348005BB576 /* Info.plist */ = {isa = PBXFileReference; lastKnownFileType = text.plist.xml; path = Info.plist; sourceTree = "<group>"; };
		1E6E1D711BCCB348005BB576 /* moranProUITests.xctest */ = {isa = PBXFileReference; explicitFileType = wrapper.cfbundle; includeInIndex = 0; path = moranProUITests.xctest; sourceTree = BUILT_PRODUCTS_DIR; };
		1E6E1D751BCCB348005BB576 /* moranProUITests.swift */ = {isa = PBXFileReference; lastKnownFileType = sourcecode.swift; path = moranProUITests.swift; sourceTree = "<group>"; };
		1E6E1D771BCCB348005BB576 /* Info.plist */ = {isa = PBXFileReference; lastKnownFileType = text.plist.xml; path = Info.plist; sourceTree = "<group>"; };
		1E6E1D851BCCB3D5005BB576 /* AppDelegate.swift */ = {isa = PBXFileReference; fileEncoding = 4; lastKnownFileType = sourcecode.swift; path = AppDelegate.swift; sourceTree = "<group>"; };
		1E6E1D901BCCB3D5005BB576 /* Assets.xcassets */ = {isa = PBXFileReference; lastKnownFileType = folder.assetcatalog; path = Assets.xcassets; sourceTree = "<group>"; };
		1E6E1D931BCCB3D5005BB576 /* Info.plist */ = {isa = PBXFileReference; fileEncoding = 4; lastKnownFileType = text.plist.xml; path = Info.plist; sourceTree = "<group>"; };
		1E6E1FCF1BCCC42D005BB576 /* LoginViewController.swift */ = {isa = PBXFileReference; fileEncoding = 4; lastKnownFileType = sourcecode.swift; path = LoginViewController.swift; sourceTree = "<group>"; };
		1E6E1FD01BCCC42D005BB576 /* SignUpViewController.swift */ = {isa = PBXFileReference; fileEncoding = 4; lastKnownFileType = sourcecode.swift; path = SignUpViewController.swift; sourceTree = "<group>"; };
		1E6E1FD51BCCC4FF005BB576 /* RequestURL.swift */ = {isa = PBXFileReference; fileEncoding = 4; lastKnownFileType = sourcecode.swift; path = RequestURL.swift; sourceTree = "<group>"; };
		1EC28C9F1BD52DA500F44B0E /* moranPro-Bridging-Header.h */ = {isa = PBXFileReference; lastKnownFileType = sourcecode.c.h; path = "moranPro-Bridging-Header.h"; sourceTree = "<group>"; };
		1EC28CA41BD52DA500F44B0E /* BLMultipartForm.h */ = {isa = PBXFileReference; fileEncoding = 4; lastKnownFileType = sourcecode.c.h; name = BLMultipartForm.h; path = "../../../../../../../课件/Utility/BLMultipartForm.h"; sourceTree = "<group>"; };
		1EC28CA51BD52DA500F44B0E /* BLMultipartForm.m */ = {isa = PBXFileReference; fileEncoding = 4; lastKnownFileType = sourcecode.c.objc; name = BLMultipartForm.m; path = "../../../../../../../课件/Utility/BLMultipartForm.m"; sourceTree = "<group>"; };
		1ECF26571BCD018200EECEBB /* Login.storyboard */ = {isa = PBXFileReference; fileEncoding = 4; lastKnownFileType = file.storyboard; path = Login.storyboard; sourceTree = "<group>"; };
		1ED513C81BD20644000BA0E8 /* MyTableViewController.swift */ = {isa = PBXFileReference; fileEncoding = 4; lastKnownFileType = sourcecode.swift; path = MyTableViewController.swift; sourceTree = "<group>"; };
		1ED513D31BD249C5000BA0E8 /* HeadViewController.swift */ = {isa = PBXFileReference; fileEncoding = 4; lastKnownFileType = sourcecode.swift; path = HeadViewController.swift; sourceTree = "<group>"; };
		1ED5140C1BD27379000BA0E8 /* SwiftNotice.swift */ = {isa = PBXFileReference; fileEncoding = 4; lastKnownFileType = sourcecode.swift; path = SwiftNotice.swift; sourceTree = "<group>"; };
/* End PBXFileReference section */

/* Begin PBXFrameworksBuildPhase section */
		1E6E1D4F1BCCB348005BB576 /* Frameworks */ = {
			isa = PBXFrameworksBuildPhase;
			buildActionMask = 2147483647;
			files = (
				1E6CEAF31BD496B2003ADE48 /* Alamofire.framework in Frameworks */,
			);
			runOnlyForDeploymentPostprocessing = 0;
		};
		1E6E1D631BCCB348005BB576 /* Frameworks */ = {
			isa = PBXFrameworksBuildPhase;
			buildActionMask = 2147483647;
			files = (
			);
			runOnlyForDeploymentPostprocessing = 0;
		};
		1E6E1D6E1BCCB348005BB576 /* Frameworks */ = {
			isa = PBXFrameworksBuildPhase;
			buildActionMask = 2147483647;
			files = (
			);
			runOnlyForDeploymentPostprocessing = 0;
		};
/* End PBXFrameworksBuildPhase section */

/* Begin PBXGroup section */
		1E062AA21BCCEA0F00920FE6 /* Main */ = {
			isa = PBXGroup;
			children = (
				1E062AA31BCCEAA200920FE6 /* MainViewController.swift */,
				1E59D9371BCE9A8E006C2D0D /* PlazaViewController.swift */,
				1ED513C81BD20644000BA0E8 /* MyTableViewController.swift */,
				1ED513D31BD249C5000BA0E8 /* HeadViewController.swift */,
				1E6CEB121BD4B402003ADE48 /* EditUserNameViewController.swift */,
				1E6CEB161BD4F46A003ADE48 /* NavigationViewController.swift */,
			);
			path = Main;
			sourceTree = "<group>";
		};
		1E6CEAB61BD48FAC003ADE48 /* Alamofire */ = {
			isa = PBXGroup;
			children = (
				1E6CEAB71BD48FAC003ADE48 /* Alamofire.xcodeproj */,
				1E6CEABA1BD48FAC003ADE48 /* Source */,
			);
			path = Alamofire;
			sourceTree = "<group>";
		};
		1E6CEAB81BD48FAC003ADE48 /* Products */ = {
			isa = PBXGroup;
			children = (
				1E6CEAE01BD48FAC003ADE48 /* Alamofire.framework */,
				1E6CEAE21BD48FAC003ADE48 /* Alamofire.framework */,
				1E6CEAE41BD48FAC003ADE48 /* Alamofire.framework */,
				1E6CEAE61BD48FAC003ADE48 /* Alamofire iOS Tests.xctest */,
				1E6CEAE81BD48FAC003ADE48 /* Alamofire OSX Tests.xctest */,
			);
			name = Products;
			sourceTree = "<group>";
		};
		1E6CEABA1BD48FAC003ADE48 /* Source */ = {
			isa = PBXGroup;
			children = (
				1E6CEABB1BD48FAC003ADE48 /* Alamofire.h */,
				1E6CEABC1BD48FAC003ADE48 /* Alamofire.swift */,
				1E6CEABD1BD48FAC003ADE48 /* Download.swift */,
				1E6CEABE1BD48FAC003ADE48 /* Error.swift */,
				1E6CEABF1BD48FAC003ADE48 /* Info.plist */,
				1E6CEAC01BD48FAC003ADE48 /* Manager.swift */,
				1E6CEAC11BD48FAC003ADE48 /* MultipartFormData.swift */,
				1E6CEAC21BD48FAC003ADE48 /* ParameterEncoding.swift */,
				1E6CEAC31BD48FAC003ADE48 /* Request.swift */,
				1E6CEAC41BD48FAC003ADE48 /* Response.swift */,
				1E6CEAC51BD48FAC003ADE48 /* ResponseSerialization.swift */,
				1E6CEAC61BD48FAC003ADE48 /* Result.swift */,
				1E6CEAC71BD48FAC003ADE48 /* ServerTrustPolicy.swift */,
				1E6CEAC81BD48FAC003ADE48 /* Stream.swift */,
				1E6CEAC91BD48FAC003ADE48 /* Upload.swift */,
				1E6CEACA1BD48FAC003ADE48 /* Validation.swift */,
			);
			path = Source;
			sourceTree = "<group>";
		};
		1E6E1D491BCCB348005BB576 = {
			isa = PBXGroup;
			children = (
				1E6E1D541BCCB348005BB576 /* moranPro */,
				1E6E1D691BCCB348005BB576 /* moranProTests */,
				1E6E1D741BCCB348005BB576 /* moranProUITests */,
				1E6E1D531BCCB348005BB576 /* Products */,
			);
			sourceTree = "<group>";
		};
		1E6E1D531BCCB348005BB576 /* Products */ = {
			isa = PBXGroup;
			children = (
				1E6E1D521BCCB348005BB576 /* moranPro.app */,
				1E6E1D661BCCB348005BB576 /* moranProTests.xctest */,
				1E6E1D711BCCB348005BB576 /* moranProUITests.xctest */,
			);
			name = Products;
			sourceTree = "<group>";
		};
		1E6E1D541BCCB348005BB576 /* moranPro */ = {
			isa = PBXGroup;
			children = (
				1E6E1D831BCCB3D5005BB576 /* Classes */,
				1E6E1D8E1BCCB3D5005BB576 /* Resources */,
				1E6E1D921BCCB3D5005BB576 /* Supporting Files */,
			);
			path = moranPro;
			sourceTree = "<group>";
		};
		1E6E1D691BCCB348005BB576 /* moranProTests */ = {
			isa = PBXGroup;
			children = (
				1E6E1D6A1BCCB348005BB576 /* moranProTests.swift */,
				1E6E1D6C1BCCB348005BB576 /* Info.plist */,
			);
			path = moranProTests;
			sourceTree = "<group>";
		};
		1E6E1D741BCCB348005BB576 /* moranProUITests */ = {
			isa = PBXGroup;
			children = (
				1E6E1D751BCCB348005BB576 /* moranProUITests.swift */,
				1E6E1D771BCCB348005BB576 /* Info.plist */,
			);
			path = moranProUITests;
			sourceTree = "<group>";
		};
		1E6E1D831BCCB3D5005BB576 /* Classes */ = {
			isa = PBXGroup;
			children = (
				1E6E1D841BCCB3D5005BB576 /* AppDelegate */,
				1E6E1D861BCCB3D5005BB576 /* Controllers */,
				1E6E1D871BCCB3D5005BB576 /* Global */,
				1E6E1D881BCCB3D5005BB576 /* Models */,
				1E6E1D891BCCB3D5005BB576 /* Parsers */,
				1E6E1D8A1BCCB3D5005BB576 /* Publice */,
				1E6E1D8C1BCCB3D5005BB576 /* Utilities */,
				1E6E1D8B1BCCB3D5005BB576 /* Requests */,
				1E6E1D8D1BCCB3D5005BB576 /* Views */,
			);
			path = Classes;
			sourceTree = "<group>";
		};
		1E6E1D841BCCB3D5005BB576 /* AppDelegate */ = {
			isa = PBXGroup;
			children = (
				1E6E1D851BCCB3D5005BB576 /* AppDelegate.swift */,
			);
			path = AppDelegate;
			sourceTree = "<group>";
		};
		1E6E1D861BCCB3D5005BB576 /* Controllers */ = {
			isa = PBXGroup;
			children = (
				1E062AA21BCCEA0F00920FE6 /* Main */,
				1E6E1FCE1BCCC42D005BB576 /* Login */,
			);
			path = Controllers;
			sourceTree = "<group>";
		};
		1E6E1D871BCCB3D5005BB576 /* Global */ = {
			isa = PBXGroup;
			children = (
			);
			path = Global;
			sourceTree = "<group>";
		};
		1E6E1D881BCCB3D5005BB576 /* Models */ = {
			isa = PBXGroup;
			children = (
				1E6CEB141BD4B590003ADE48 /* UserInfo.swift */,
			);
			path = Models;
			sourceTree = "<group>";
		};
		1E6E1D891BCCB3D5005BB576 /* Parsers */ = {
			isa = PBXGroup;
			children = (
			);
			path = Parsers;
			sourceTree = "<group>";
		};
		1E6E1D8A1BCCB3D5005BB576 /* Publice */ = {
			isa = PBXGroup;
			children = (
				1E6CEAB61BD48FAC003ADE48 /* Alamofire */,
			);
			path = Publice;
			sourceTree = "<group>";
		};
		1E6E1D8B1BCCB3D5005BB576 /* Requests */ = {
			isa = PBXGroup;
			children = (
				1E6E1FD51BCCC4FF005BB576 /* RequestURL.swift */,
			);
			path = Requests;
			sourceTree = "<group>";
		};
		1E6E1D8C1BCCB3D5005BB576 /* Utilities */ = {
			isa = PBXGroup;
			children = (
				1EC28CA41BD52DA500F44B0E /* BLMultipartForm.h */,
				1EC28CA51BD52DA500F44B0E /* BLMultipartForm.m */,
				1ED5140B1BD27379000BA0E8 /* SwiftNotice */,
				1EC28C9F1BD52DA500F44B0E /* moranPro-Bridging-Header.h */,
			);
			path = Utilities;
			sourceTree = "<group>";
		};
		1E6E1D8D1BCCB3D5005BB576 /* Views */ = {
			isa = PBXGroup;
			children = (
			);
			path = Views;
			sourceTree = "<group>";
		};
		1E6E1D8E1BCCB3D5005BB576 /* Resources */ = {
			isa = PBXGroup;
			children = (
				1E6E1D8F1BCCB3D5005BB576 /* Images */,
				1E6E1D911BCCB3D5005BB576 /* XIBs */,
			);
			path = Resources;
			sourceTree = "<group>";
		};
		1E6E1D8F1BCCB3D5005BB576 /* Images */ = {
			isa = PBXGroup;
			children = (
				1E6E1D901BCCB3D5005BB576 /* Assets.xcassets */,
			);
			path = Images;
			sourceTree = "<group>";
		};
		1E6E1D911BCCB3D5005BB576 /* XIBs */ = {
			isa = PBXGroup;
			children = (
				1E062AA01BCCE9EA00920FE6 /* Main.storyboard */,
				1ECF26571BCD018200EECEBB /* Login.storyboard */,
			);
			path = XIBs;
			sourceTree = "<group>";
		};
		1E6E1D921BCCB3D5005BB576 /* Supporting Files */ = {
			isa = PBXGroup;
			children = (
				1E6E1D931BCCB3D5005BB576 /* Info.plist */,
			);
			path = "Supporting Files";
			sourceTree = "<group>";
		};
		1E6E1FCE1BCCC42D005BB576 /* Login */ = {
			isa = PBXGroup;
			children = (
				1E6E1FCF1BCCC42D005BB576 /* LoginViewController.swift */,
				1E6E1FD01BCCC42D005BB576 /* SignUpViewController.swift */,
			);
			path = Login;
			sourceTree = "<group>";
		};
		1ED5140B1BD27379000BA0E8 /* SwiftNotice */ = {
			isa = PBXGroup;
			children = (
				1ED5140C1BD27379000BA0E8 /* SwiftNotice.swift */,
			);
			path = SwiftNotice;
			sourceTree = "<group>";
		};
/* End PBXGroup section */

/* Begin PBXNativeTarget section */
		1E6E1D511BCCB348005BB576 /* moranPro */ = {
			isa = PBXNativeTarget;
			buildConfigurationList = 1E6E1D7A1BCCB348005BB576 /* Build configuration list for PBXNativeTarget "moranPro" */;
			buildPhases = (
				1E6E1D4E1BCCB348005BB576 /* Sources */,
				1E6E1D4F1BCCB348005BB576 /* Frameworks */,
				1E6E1D501BCCB348005BB576 /* Resources */,
				1E6CEAF71BD496B2003ADE48 /* Embed Frameworks */,
			);
			buildRules = (
			);
			dependencies = (
				1E6CEAF61BD496B2003ADE48 /* PBXTargetDependency */,
			);
			name = moranPro;
			productName = moranPro;
			productReference = 1E6E1D521BCCB348005BB576 /* moranPro.app */;
			productType = "com.apple.product-type.application";
		};
		1E6E1D651BCCB348005BB576 /* moranProTests */ = {
			isa = PBXNativeTarget;
			buildConfigurationList = 1E6E1D7D1BCCB348005BB576 /* Build configuration list for PBXNativeTarget "moranProTests" */;
			buildPhases = (
				1E6E1D621BCCB348005BB576 /* Sources */,
				1E6E1D631BCCB348005BB576 /* Frameworks */,
				1E6E1D641BCCB348005BB576 /* Resources */,
			);
			buildRules = (
			);
			dependencies = (
				1E6E1D681BCCB348005BB576 /* PBXTargetDependency */,
			);
			name = moranProTests;
			productName = moranProTests;
			productReference = 1E6E1D661BCCB348005BB576 /* moranProTests.xctest */;
			productType = "com.apple.product-type.bundle.unit-test";
		};
		1E6E1D701BCCB348005BB576 /* moranProUITests */ = {
			isa = PBXNativeTarget;
			buildConfigurationList = 1E6E1D801BCCB348005BB576 /* Build configuration list for PBXNativeTarget "moranProUITests" */;
			buildPhases = (
				1E6E1D6D1BCCB348005BB576 /* Sources */,
				1E6E1D6E1BCCB348005BB576 /* Frameworks */,
				1E6E1D6F1BCCB348005BB576 /* Resources */,
			);
			buildRules = (
			);
			dependencies = (
				1E6E1D731BCCB348005BB576 /* PBXTargetDependency */,
			);
			name = moranProUITests;
			productName = moranProUITests;
			productReference = 1E6E1D711BCCB348005BB576 /* moranProUITests.xctest */;
			productType = "com.apple.product-type.bundle.ui-testing";
		};
/* End PBXNativeTarget section */

/* Begin PBXProject section */
		1E6E1D4A1BCCB348005BB576 /* Project object */ = {
			isa = PBXProject;
			attributes = {
				LastSwiftUpdateCheck = 0700;
				LastUpgradeCheck = 0700;
				ORGANIZATIONNAME = Fish;
				TargetAttributes = {
					1E6E1D511BCCB348005BB576 = {
						CreatedOnToolsVersion = 7.0.1;
						DevelopmentTeam = Z592X75Z3R;
					};
					1E6E1D651BCCB348005BB576 = {
						CreatedOnToolsVersion = 7.0.1;
						DevelopmentTeam = Z592X75Z3R;
						TestTargetID = 1E6E1D511BCCB348005BB576;
					};
					1E6E1D701BCCB348005BB576 = {
						CreatedOnToolsVersion = 7.0.1;
						DevelopmentTeam = Z592X75Z3R;
						TestTargetID = 1E6E1D511BCCB348005BB576;
					};
				};
			};
			buildConfigurationList = 1E6E1D4D1BCCB348005BB576 /* Build configuration list for PBXProject "moranPro" */;
			compatibilityVersion = "Xcode 3.2";
			developmentRegion = English;
			hasScannedForEncodings = 0;
			knownRegions = (
				en,
				Base,
			);
			mainGroup = 1E6E1D491BCCB348005BB576;
			productRefGroup = 1E6E1D531BCCB348005BB576 /* Products */;
			projectDirPath = "";
			projectReferences = (
				{
					ProductGroup = 1E6CEAB81BD48FAC003ADE48 /* Products */;
					ProjectRef = 1E6CEAB71BD48FAC003ADE48 /* Alamofire.xcodeproj */;
				},
			);
			projectRoot = "";
			targets = (
				1E6E1D511BCCB348005BB576 /* moranPro */,
				1E6E1D651BCCB348005BB576 /* moranProTests */,
				1E6E1D701BCCB348005BB576 /* moranProUITests */,
			);
		};
/* End PBXProject section */

/* Begin PBXReferenceProxy section */
		1E6CEAE01BD48FAC003ADE48 /* Alamofire.framework */ = {
			isa = PBXReferenceProxy;
			fileType = wrapper.framework;
			path = Alamofire.framework;
			remoteRef = 1E6CEADF1BD48FAC003ADE48 /* PBXContainerItemProxy */;
			sourceTree = BUILT_PRODUCTS_DIR;
		};
		1E6CEAE21BD48FAC003ADE48 /* Alamofire.framework */ = {
			isa = PBXReferenceProxy;
			fileType = wrapper.framework;
			path = Alamofire.framework;
			remoteRef = 1E6CEAE11BD48FAC003ADE48 /* PBXContainerItemProxy */;
			sourceTree = BUILT_PRODUCTS_DIR;
		};
		1E6CEAE41BD48FAC003ADE48 /* Alamofire.framework */ = {
			isa = PBXReferenceProxy;
			fileType = wrapper.framework;
			path = Alamofire.framework;
			remoteRef = 1E6CEAE31BD48FAC003ADE48 /* PBXContainerItemProxy */;
			sourceTree = BUILT_PRODUCTS_DIR;
		};
		1E6CEAE61BD48FAC003ADE48 /* Alamofire iOS Tests.xctest */ = {
			isa = PBXReferenceProxy;
			fileType = wrapper.cfbundle;
			path = "Alamofire iOS Tests.xctest";
			remoteRef = 1E6CEAE51BD48FAC003ADE48 /* PBXContainerItemProxy */;
			sourceTree = BUILT_PRODUCTS_DIR;
		};
		1E6CEAE81BD48FAC003ADE48 /* Alamofire OSX Tests.xctest */ = {
			isa = PBXReferenceProxy;
			fileType = wrapper.cfbundle;
			path = "Alamofire OSX Tests.xctest";
			remoteRef = 1E6CEAE71BD48FAC003ADE48 /* PBXContainerItemProxy */;
			sourceTree = BUILT_PRODUCTS_DIR;
		};
/* End PBXReferenceProxy section */

/* Begin PBXResourcesBuildPhase section */
		1E6E1D501BCCB348005BB576 /* Resources */ = {
			isa = PBXResourcesBuildPhase;
			buildActionMask = 2147483647;
			files = (
				1E6CEACE1BD48FAC003ADE48 /* Info.plist in Resources */,
				1E6E1D951BCCB3D5005BB576 /* Assets.xcassets in Resources */,
				1ECF26581BCD018200EECEBB /* Login.storyboard in Resources */,
				1E062AA11BCCE9EA00920FE6 /* Main.storyboard in Resources */,
			);
			runOnlyForDeploymentPostprocessing = 0;
		};
		1E6E1D641BCCB348005BB576 /* Resources */ = {
			isa = PBXResourcesBuildPhase;
			buildActionMask = 2147483647;
			files = (
			);
			runOnlyForDeploymentPostprocessing = 0;
		};
		1E6E1D6F1BCCB348005BB576 /* Resources */ = {
			isa = PBXResourcesBuildPhase;
			buildActionMask = 2147483647;
			files = (
			);
			runOnlyForDeploymentPostprocessing = 0;
		};
/* End PBXResourcesBuildPhase section */

/* Begin PBXSourcesBuildPhase section */
		1E6E1D4E1BCCB348005BB576 /* Sources */ = {
			isa = PBXSourcesBuildPhase;
			buildActionMask = 2147483647;
			files = (
				1E6CEB131BD4B402003ADE48 /* EditUserNameViewController.swift in Sources */,
				1E062AA41BCCEAA200920FE6 /* MainViewController.swift in Sources */,
				1E6E1FD21BCCC42D005BB576 /* SignUpViewController.swift in Sources */,
				1E6CEB151BD4B590003ADE48 /* UserInfo.swift in Sources */,
				1ED513D41BD249C5000BA0E8 /* HeadViewController.swift in Sources */,
				1E6CEAD81BD48FAC003ADE48 /* Upload.swift in Sources */,
				1E6CEACD1BD48FAC003ADE48 /* Error.swift in Sources */,
				1E6CEAD31BD48FAC003ADE48 /* Response.swift in Sources */,
				1ED5140D1BD27379000BA0E8 /* SwiftNotice.swift in Sources */,
				1E6CEAD51BD48FAC003ADE48 /* Result.swift in Sources */,
				1E59D9381BCE9A8E006C2D0D /* PlazaViewController.swift in Sources */,
				1ED513C91BD20644000BA0E8 /* MyTableViewController.swift in Sources */,
				1E6CEAD21BD48FAC003ADE48 /* Request.swift in Sources */,
				1E6E1FD11BCCC42D005BB576 /* LoginViewController.swift in Sources */,
				1E6CEB171BD4F46A003ADE48 /* NavigationViewController.swift in Sources */,
				1E6CEAD71BD48FAC003ADE48 /* Stream.swift in Sources */,
				1E6E1D941BCCB3D5005BB576 /* AppDelegate.swift in Sources */,
				1E6CEAD61BD48FAC003ADE48 /* ServerTrustPolicy.swift in Sources */,
				1E6CEAD01BD48FAC003ADE48 /* MultipartFormData.swift in Sources */,
				1E6CEAD11BD48FAC003ADE48 /* ParameterEncoding.swift in Sources */,
				1E6CEACB1BD48FAC003ADE48 /* Alamofire.swift in Sources */,
				1E6CEACC1BD48FAC003ADE48 /* Download.swift in Sources */,
				1E6CEACF1BD48FAC003ADE48 /* Manager.swift in Sources */,
				1E6CEAD41BD48FAC003ADE48 /* ResponseSerialization.swift in Sources */,
				1EC28CA61BD52DA500F44B0E /* BLMultipartForm.m in Sources */,
				1E6CEAD91BD48FAC003ADE48 /* Validation.swift in Sources */,
				1E6E1FD61BCCC4FF005BB576 /* RequestURL.swift in Sources */,
			);
			runOnlyForDeploymentPostprocessing = 0;
		};
		1E6E1D621BCCB348005BB576 /* Sources */ = {
			isa = PBXSourcesBuildPhase;
			buildActionMask = 2147483647;
			files = (
				1E6E1D6B1BCCB348005BB576 /* moranProTests.swift in Sources */,
			);
			runOnlyForDeploymentPostprocessing = 0;
		};
		1E6E1D6D1BCCB348005BB576 /* Sources */ = {
			isa = PBXSourcesBuildPhase;
			buildActionMask = 2147483647;
			files = (
				1E6E1D761BCCB348005BB576 /* moranProUITests.swift in Sources */,
			);
			runOnlyForDeploymentPostprocessing = 0;
		};
/* End PBXSourcesBuildPhase section */

/* Begin PBXTargetDependency section */
		1E6CEAF61BD496B2003ADE48 /* PBXTargetDependency */ = {
			isa = PBXTargetDependency;
			name = "Alamofire iOS";
			targetProxy = 1E6CEAF51BD496B2003ADE48 /* PBXContainerItemProxy */;
		};
		1E6E1D681BCCB348005BB576 /* PBXTargetDependency */ = {
			isa = PBXTargetDependency;
			target = 1E6E1D511BCCB348005BB576 /* moranPro */;
			targetProxy = 1E6E1D671BCCB348005BB576 /* PBXContainerItemProxy */;
		};
		1E6E1D731BCCB348005BB576 /* PBXTargetDependency */ = {
			isa = PBXTargetDependency;
			target = 1E6E1D511BCCB348005BB576 /* moranPro */;
			targetProxy = 1E6E1D721BCCB348005BB576 /* PBXContainerItemProxy */;
		};
/* End PBXTargetDependency section */

/* Begin XCBuildConfiguration section */
		1E6E1D781BCCB348005BB576 /* Debug */ = {
			isa = XCBuildConfiguration;
			buildSettings = {
				ALWAYS_SEARCH_USER_PATHS = NO;
				CLANG_CXX_LANGUAGE_STANDARD = "gnu++0x";
				CLANG_CXX_LIBRARY = "libc++";
				CLANG_ENABLE_MODULES = YES;
				CLANG_ENABLE_OBJC_ARC = YES;
				CLANG_WARN_BOOL_CONVERSION = YES;
				CLANG_WARN_CONSTANT_CONVERSION = YES;
				CLANG_WARN_DIRECT_OBJC_ISA_USAGE = YES_ERROR;
				CLANG_WARN_EMPTY_BODY = YES;
				CLANG_WARN_ENUM_CONVERSION = YES;
				CLANG_WARN_INT_CONVERSION = YES;
				CLANG_WARN_OBJC_ROOT_CLASS = YES_ERROR;
				CLANG_WARN_UNREACHABLE_CODE = YES;
				CLANG_WARN__DUPLICATE_METHOD_MATCH = YES;
				"CODE_SIGN_IDENTITY[sdk=iphoneos*]" = "iPhone Developer";
				COPY_PHASE_STRIP = NO;
				DEBUG_INFORMATION_FORMAT = dwarf;
				ENABLE_STRICT_OBJC_MSGSEND = YES;
				ENABLE_TESTABILITY = YES;
				GCC_C_LANGUAGE_STANDARD = gnu99;
				GCC_DYNAMIC_NO_PIC = NO;
				GCC_NO_COMMON_BLOCKS = YES;
				GCC_OPTIMIZATION_LEVEL = 0;
				GCC_PREPROCESSOR_DEFINITIONS = (
					"DEBUG=1",
					"$(inherited)",
				);
				GCC_WARN_64_TO_32_BIT_CONVERSION = YES;
				GCC_WARN_ABOUT_RETURN_TYPE = YES_ERROR;
				GCC_WARN_UNDECLARED_SELECTOR = YES;
				GCC_WARN_UNINITIALIZED_AUTOS = YES_AGGRESSIVE;
				GCC_WARN_UNUSED_FUNCTION = YES;
				GCC_WARN_UNUSED_VARIABLE = YES;
				IPHONEOS_DEPLOYMENT_TARGET = 9.0;
				MTL_ENABLE_DEBUG_INFO = YES;
				ONLY_ACTIVE_ARCH = YES;
				SDKROOT = iphoneos;
				SWIFT_OPTIMIZATION_LEVEL = "-Onone";
			};
			name = Debug;
		};
		1E6E1D791BCCB348005BB576 /* Release */ = {
			isa = XCBuildConfiguration;
			buildSettings = {
				ALWAYS_SEARCH_USER_PATHS = NO;
				CLANG_CXX_LANGUAGE_STANDARD = "gnu++0x";
				CLANG_CXX_LIBRARY = "libc++";
				CLANG_ENABLE_MODULES = YES;
				CLANG_ENABLE_OBJC_ARC = YES;
				CLANG_WARN_BOOL_CONVERSION = YES;
				CLANG_WARN_CONSTANT_CONVERSION = YES;
				CLANG_WARN_DIRECT_OBJC_ISA_USAGE = YES_ERROR;
				CLANG_WARN_EMPTY_BODY = YES;
				CLANG_WARN_ENUM_CONVERSION = YES;
				CLANG_WARN_INT_CONVERSION = YES;
				CLANG_WARN_OBJC_ROOT_CLASS = YES_ERROR;
				CLANG_WARN_UNREACHABLE_CODE = YES;
				CLANG_WARN__DUPLICATE_METHOD_MATCH = YES;
				"CODE_SIGN_IDENTITY[sdk=iphoneos*]" = "iPhone Developer";
				COPY_PHASE_STRIP = NO;
				DEBUG_INFORMATION_FORMAT = "dwarf-with-dsym";
				ENABLE_NS_ASSERTIONS = NO;
				ENABLE_STRICT_OBJC_MSGSEND = YES;
				GCC_C_LANGUAGE_STANDARD = gnu99;
				GCC_NO_COMMON_BLOCKS = YES;
				GCC_WARN_64_TO_32_BIT_CONVERSION = YES;
				GCC_WARN_ABOUT_RETURN_TYPE = YES_ERROR;
				GCC_WARN_UNDECLARED_SELECTOR = YES;
				GCC_WARN_UNINITIALIZED_AUTOS = YES_AGGRESSIVE;
				GCC_WARN_UNUSED_FUNCTION = YES;
				GCC_WARN_UNUSED_VARIABLE = YES;
				IPHONEOS_DEPLOYMENT_TARGET = 9.0;
				MTL_ENABLE_DEBUG_INFO = NO;
				SDKROOT = iphoneos;
				VALIDATE_PRODUCT = YES;
			};
			name = Release;
		};
		1E6E1D7B1BCCB348005BB576 /* Debug */ = {
			isa = XCBuildConfiguration;
			buildSettings = {
				ASSETCATALOG_COMPILER_APPICON_NAME = AppIcon;
				CLANG_ENABLE_MODULES = YES;
				EMBEDDED_CONTENT_CONTAINS_SWIFT = YES;
				INFOPLIST_FILE = "moranPro/Supporting Files/Info.plist";
				LD_RUNPATH_SEARCH_PATHS = "$(inherited) @executable_path/Frameworks";
				PRODUCT_BUNDLE_IDENTIFIER = com.Fish.moranPro;
				PRODUCT_NAME = "$(TARGET_NAME)";
				SWIFT_INSTALL_OBJC_HEADER = YES;
				SWIFT_OBJC_BRIDGING_HEADER = "moranPro/Classes/Utilities/moranPro-Bridging-Header.h";
				SWIFT_OPTIMIZATION_LEVEL = "-Onone";
			};
			name = Debug;
		};
		1E6E1D7C1BCCB348005BB576 /* Release */ = {
			isa = XCBuildConfiguration;
			buildSettings = {
				ASSETCATALOG_COMPILER_APPICON_NAME = AppIcon;
				CLANG_ENABLE_MODULES = YES;
				EMBEDDED_CONTENT_CONTAINS_SWIFT = YES;
				INFOPLIST_FILE = "moranPro/Supporting Files/Info.plist";
				LD_RUNPATH_SEARCH_PATHS = "$(inherited) @executable_path/Frameworks";
				PRODUCT_BUNDLE_IDENTIFIER = com.Fish.moranPro;
				PRODUCT_NAME = "$(TARGET_NAME)";
				SWIFT_INSTALL_OBJC_HEADER = YES;
				SWIFT_OBJC_BRIDGING_HEADER = "moranPro/Classes/Utilities/moranPro-Bridging-Header.h";
			};
			name = Release;
		};
		1E6E1D7E1BCCB348005BB576 /* Debug */ = {
			isa = XCBuildConfiguration;
			buildSettings = {
				BUNDLE_LOADER = "$(TEST_HOST)";
				INFOPLIST_FILE = moranProTests/Info.plist;
				LD_RUNPATH_SEARCH_PATHS = "$(inherited) @executable_path/Frameworks @loader_path/Frameworks";
				PRODUCT_BUNDLE_IDENTIFIER = com.Fish.moranProTests;
				PRODUCT_NAME = "$(TARGET_NAME)";
				TEST_HOST = "$(BUILT_PRODUCTS_DIR)/moranPro.app/moranPro";
			};
			name = Debug;
		};
		1E6E1D7F1BCCB348005BB576 /* Release */ = {
			isa = XCBuildConfiguration;
			buildSettings = {
				BUNDLE_LOADER = "$(TEST_HOST)";
				INFOPLIST_FILE = moranProTests/Info.plist;
				LD_RUNPATH_SEARCH_PATHS = "$(inherited) @executable_path/Frameworks @loader_path/Frameworks";
				PRODUCT_BUNDLE_IDENTIFIER = com.Fish.moranProTests;
				PRODUCT_NAME = "$(TARGET_NAME)";
				TEST_HOST = "$(BUILT_PRODUCTS_DIR)/moranPro.app/moranPro";
			};
			name = Release;
		};
		1E6E1D811BCCB348005BB576 /* Debug */ = {
			isa = XCBuildConfiguration;
			buildSettings = {
				INFOPLIST_FILE = moranProUITests/Info.plist;
				LD_RUNPATH_SEARCH_PATHS = "$(inherited) @executable_path/Frameworks @loader_path/Frameworks";
				PRODUCT_BUNDLE_IDENTIFIER = com.Fish.moranProUITests;
				PRODUCT_NAME = "$(TARGET_NAME)";
				TEST_TARGET_NAME = moranPro;
				USES_XCTRUNNER = YES;
			};
			name = Debug;
		};
		1E6E1D821BCCB348005BB576 /* Release */ = {
			isa = XCBuildConfiguration;
			buildSettings = {
				INFOPLIST_FILE = moranProUITests/Info.plist;
				LD_RUNPATH_SEARCH_PATHS = "$(inherited) @executable_path/Frameworks @loader_path/Frameworks";
				PRODUCT_BUNDLE_IDENTIFIER = com.Fish.moranProUITests;
				PRODUCT_NAME = "$(TARGET_NAME)";
				TEST_TARGET_NAME = moranPro;
				USES_XCTRUNNER = YES;
			};
			name = Release;
		};
/* End XCBuildConfiguration section */

/* Begin XCConfigurationList section */
		1E6E1D4D1BCCB348005BB576 /* Build configuration list for PBXProject "moranPro" */ = {
			isa = XCConfigurationList;
			buildConfigurations = (
				1E6E1D781BCCB348005BB576 /* Debug */,
				1E6E1D791BCCB348005BB576 /* Release */,
			);
			defaultConfigurationIsVisible = 0;
			defaultConfigurationName = Release;
		};
		1E6E1D7A1BCCB348005BB576 /* Build configuration list for PBXNativeTarget "moranPro" */ = {
			isa = XCConfigurationList;
			buildConfigurations = (
				1E6E1D7B1BCCB348005BB576 /* Debug */,
				1E6E1D7C1BCCB348005BB576 /* Release */,
			);
			defaultConfigurationIsVisible = 0;
			defaultConfigurationName = Release;
		};
		1E6E1D7D1BCCB348005BB576 /* Build configuration list for PBXNativeTarget "moranProTests" */ = {
			isa = XCConfigurationList;
			buildConfigurations = (
				1E6E1D7E1BCCB348005BB576 /* Debug */,
				1E6E1D7F1BCCB348005BB576 /* Release */,
			);
			defaultConfigurationIsVisible = 0;
			defaultConfigurationName = Release;
		};
		1E6E1D801BCCB348005BB576 /* Build configuration list for PBXNativeTarget "moranProUITests" */ = {
			isa = XCConfigurationList;
			buildConfigurations = (
				1E6E1D811BCCB348005BB576 /* Debug */,
				1E6E1D821BCCB348005BB576 /* Release */,
			);
			defaultConfigurationIsVisible = 0;
			defaultConfigurationName = Release;
		};
/* End XCConfigurationList section */
	};
	rootObject = 1E6E1D4A1BCCB348005BB576 /* Project object */;
}
